
Microsoft Visual Studio Solution File, Format Version 12.00
# Visual Studio 2012
Project("{FAE04EC0-301F-11D3-BF4B-00C04F79EFBC}") = "ESReport", "ESReport\ESReport.csproj", "{8DF7FB7C-7CAA-4AB8-8804-1F8F2D3E05F3}"
EndProject
Project("{FAE04EC0-301F-11D3-BF4B-00C04F79EFBC}") = "ESReportLib", "ESReportLib\ESReportLib.csproj", "{255ECC48-364E-4A3F-9D8E-4C7C646FD38C}"
EndProject
Global
	GlobalSection(SolutionConfigurationPlatforms) = preSolution
		Debug|Any CPU = Debug|Any CPU
		Release|Any CPU = Release|Any CPU
	EndGlobalSection
	GlobalSection(ProjectConfigurationPlatforms) = postSolution
		{8DF7FB7C-7CAA-4AB8-8804-1F8F2D3E05F3}.Debug|Any CPU.ActiveCfg = Debug|Any CPU
		{8DF7FB7C-7CAA-4AB8-8804-1F8F2D3E05F3}.Debug|Any CPU.Build.0 = Debug|Any CPU
		{8DF7FB7C-7CAA-4AB8-8804-1F8F2D3E05F3}.Release|Any CPU.ActiveCfg = Release|Any CPU
		{8DF7FB7C-7CAA-4AB8-8804-1F8F2D3E05F3}.Release|Any CPU.Build.0 = Release|Any CPU
		{255ECC48-364E-4A3F-9D8E-4C7C646FD38C}.Debug|Any CPU.ActiveCfg = Debug|Any CPU
		{255ECC48-364E-4A3F-9D8E-4C7C646FD38C}.Debug|Any CPU.Build.0 = Debug|Any CPU
		{255ECC48-364E-4A3F-9D8E-4C7C646FD38C}.Release|Any CPU.ActiveCfg = Release|Any CPU
		{255ECC48-364E-4A3F-9D8E-4C7C646FD38C}.Release|Any CPU.Build.0 = Release|Any CPU
	EndGlobalSection
	GlobalSection(SolutionProperties) = preSolution
		HideSolutionNode = FALSE
	EndGlobalSection
EndGlobal
